// !$*UTF8*$!
{
	archiveVersion = 1;
	classes = {
	};
	objectVersion = 55;
	objects = {

/* Begin PBXBuildFile section */
		1B305CBF274D19BB00725C95 /* API.swift in Sources */ = {isa = PBXBuildFile; fileRef = 1B305CBE274D19BB00725C95 /* API.swift */; };
		1B67685A274A3C43007488BB /* AppDelegate.swift in Sources */ = {isa = PBXBuildFile; fileRef = 1B676859274A3C43007488BB /* AppDelegate.swift */; };
		1B67685C274A3C43007488BB /* SceneDelegate.swift in Sources */ = {isa = PBXBuildFile; fileRef = 1B67685B274A3C43007488BB /* SceneDelegate.swift */; };
		1B67685E274A3C43007488BB /* ViewController.swift in Sources */ = {isa = PBXBuildFile; fileRef = 1B67685D274A3C43007488BB /* ViewController.swift */; };
		1B676861274A3C43007488BB /* Main.storyboard in Resources */ = {isa = PBXBuildFile; fileRef = 1B67685F274A3C43007488BB /* Main.storyboard */; };
		1B676864274A3C43007488BB /* AbsoluteMinds.xcdatamodeld in Sources */ = {isa = PBXBuildFile; fileRef = 1B676862274A3C43007488BB /* AbsoluteMinds.xcdatamodeld */; };
		1B676866274A3C47007488BB /* Assets.xcassets in Resources */ = {isa = PBXBuildFile; fileRef = 1B676865274A3C47007488BB /* Assets.xcassets */; };
		1B676869274A3C47007488BB /* LaunchScreen.storyboard in Resources */ = {isa = PBXBuildFile; fileRef = 1B676867274A3C47007488BB /* LaunchScreen.storyboard */; };
		1BB49AF1274D6DD900229E40 /* bookCollectionCell.swift in Sources */ = {isa = PBXBuildFile; fileRef = 1BB49AF0274D6DD900229E40 /* bookCollectionCell.swift */; };
		96EA059D274D06C600E42249 /* FavouriteTableVC.swift in Sources */ = {isa = PBXBuildFile; fileRef = 96EA059C274D06C600E42249 /* FavouriteTableVC.swift */; };
		C5CF791C274CFB1500806AFB /* DetailsVC.swift in Sources */ = {isa = PBXBuildFile; fileRef = C5CF791B274CFB1500806AFB /* DetailsVC.swift */; };
/* End PBXBuildFile section */

/* Begin PBXFileReference section */
		1B305CBE274D19BB00725C95 /* API.swift */ = {isa = PBXFileReference; lastKnownFileType = sourcecode.swift; path = API.swift; sourceTree = "<group>"; };
		1B676856274A3C43007488BB /* AbsoluteMinds.app */ = {isa = PBXFileReference; explicitFileType = wrapper.application; includeInIndex = 0; path = AbsoluteMinds.app; sourceTree = BUILT_PRODUCTS_DIR; };
		1B676859274A3C43007488BB /* AppDelegate.swift */ = {isa = PBXFileReference; lastKnownFileType = sourcecode.swift; path = AppDelegate.swift; sourceTree = "<group>"; };
		1B67685B274A3C43007488BB /* SceneDelegate.swift */ = {isa = PBXFileReference; lastKnownFileType = sourcecode.swift; path = SceneDelegate.swift; sourceTree = "<group>"; };
		1B67685D274A3C43007488BB /* ViewController.swift */ = {isa = PBXFileReference; lastKnownFileType = sourcecode.swift; path = ViewController.swift; sourceTree = "<group>"; };
		1B676860274A3C43007488BB /* Base */ = {isa = PBXFileReference; lastKnownFileType = file.storyboard; name = Base; path = Base.lproj/Main.storyboard; sourceTree = "<group>"; };
		1B676863274A3C43007488BB /* AbsoluteMinds.xcdatamodel */ = {isa = PBXFileReference; lastKnownFileType = wrapper.xcdatamodel; path = AbsoluteMinds.xcdatamodel; sourceTree = "<group>"; };
		1B676865274A3C47007488BB /* Assets.xcassets */ = {isa = PBXFileReference; lastKnownFileType = folder.assetcatalog; path = Assets.xcassets; sourceTree = "<group>"; };
		1B676868274A3C47007488BB /* Base */ = {isa = PBXFileReference; lastKnownFileType = file.storyboard; name = Base; path = Base.lproj/LaunchScreen.storyboard; sourceTree = "<group>"; };
		1B67686A274A3C47007488BB /* Info.plist */ = {isa = PBXFileReference; lastKnownFileType = text.plist.xml; path = Info.plist; sourceTree = "<group>"; };
		1BB49AF0274D6DD900229E40 /* bookCollectionCell.swift */ = {isa = PBXFileReference; lastKnownFileType = sourcecode.swift; path = bookCollectionCell.swift; sourceTree = "<group>"; };
		96EA059C274D06C600E42249 /* FavouriteTableVC.swift */ = {isa = PBXFileReference; lastKnownFileType = sourcecode.swift; path = FavouriteTableVC.swift; sourceTree = "<group>"; };
		C5CF791B274CFB1500806AFB /* DetailsVC.swift */ = {isa = PBXFileReference; lastKnownFileType = sourcecode.swift; path = DetailsVC.swift; sourceTree = "<group>"; };
/* End PBXFileReference section */

/* Begin PBXFrameworksBuildPhase section */
		1B676853274A3C43007488BB /* Frameworks */ = {
			isa = PBXFrameworksBuildPhase;
			buildActionMask = 2147483647;
			files = (
			);
			runOnlyForDeploymentPostprocessing = 0;
		};
/* End PBXFrameworksBuildPhase section */

/* Begin PBXGroup section */
		1B67684D274A3C43007488BB = {
			isa = PBXGroup;
			children = (
				1B676858274A3C43007488BB /* AbsoluteMinds */,
				1B676857274A3C43007488BB /* Products */,
			);
			sourceTree = "<group>";
		};
		1B676857274A3C43007488BB /* Products */ = {
			isa = PBXGroup;
			children = (
				1B676856274A3C43007488BB /* AbsoluteMinds.app */,
			);
			name = Products;
			sourceTree = "<group>";
		};
		1B676858274A3C43007488BB /* AbsoluteMinds */ = {
			isa = PBXGroup;
			children = (
				1B676859274A3C43007488BB /* AppDelegate.swift */,
				1B67685B274A3C43007488BB /* SceneDelegate.swift */,
				1B67685D274A3C43007488BB /* ViewController.swift */,
				1BB49AF0274D6DD900229E40 /* bookCollectionCell.swift */,
				96EA059C274D06C600E42249 /* FavouriteTableVC.swift */,
				1B67685F274A3C43007488BB /* Main.storyboard */,
				1B676865274A3C47007488BB /* Assets.xcassets */,
				1B676867274A3C47007488BB /* LaunchScreen.storyboard */,
				1B67686A274A3C47007488BB /* Info.plist */,
				1B676862274A3C43007488BB /* AbsoluteMinds.xcdatamodeld */,
				1B305CBE274D19BB00725C95 /* API.swift */,
				C5CF791B274CFB1500806AFB /* DetailsVC.swift */,
			);
			path = AbsoluteMinds;
			sourceTree = "<group>";
		};
/* End PBXGroup section */

/* Begin PBXNativeTarget section */
		1B676855274A3C43007488BB /* AbsoluteMinds */ = {
			isa = PBXNativeTarget;
			buildConfigurationList = 1B67686D274A3C47007488BB /* Build configuration list for PBXNativeTarget "AbsoluteMinds" */;
			buildPhases = (
				1B676852274A3C43007488BB /* Sources */,
				1B676853274A3C43007488BB /* Frameworks */,
				1B676854274A3C43007488BB /* Resources */,
			);
			buildRules = (
			);
			dependencies = (
			);
			name = AbsoluteMinds;
			productName = AbsoluteMinds;
			productReference = 1B676856274A3C43007488BB /* AbsoluteMinds.app */;
			productType = "com.apple.product-type.application";
		};
/* End PBXNativeTarget section */

/* Begin PBXProject section */
		1B67684E274A3C43007488BB /* Project object */ = {
			isa = PBXProject;
			attributes = {
				BuildIndependentTargetsInParallel = 1;
				LastSwiftUpdateCheck = 1310;
				LastUpgradeCheck = 1310;
				TargetAttributes = {
					1B676855274A3C43007488BB = {
						CreatedOnToolsVersion = 13.1;
					};
				};
			};
			buildConfigurationList = 1B676851274A3C43007488BB /* Build configuration list for PBXProject "AbsoluteMinds" */;
			compatibilityVersion = "Xcode 13.0";
			developmentRegion = en;
			hasScannedForEncodings = 0;
			knownRegions = (
				en,
				Base,
			);
			mainGroup = 1B67684D274A3C43007488BB;
			productRefGroup = 1B676857274A3C43007488BB /* Products */;
			projectDirPath = "";
			projectRoot = "";
			targets = (
				1B676855274A3C43007488BB /* AbsoluteMinds */,
			);
		};
/* End PBXProject section */

/* Begin PBXResourcesBuildPhase section */
		1B676854274A3C43007488BB /* Resources */ = {
			isa = PBXResourcesBuildPhase;
			buildActionMask = 2147483647;
			files = (
				1B676869274A3C47007488BB /* LaunchScreen.storyboard in Resources */,
				1B676866274A3C47007488BB /* Assets.xcassets in Resources */,
				1B676861274A3C43007488BB /* Main.storyboard in Resources */,
			);
			runOnlyForDeploymentPostprocessing = 0;
		};
/* End PBXResourcesBuildPhase section */

/* Begin PBXSourcesBuildPhase section */
		1B676852274A3C43007488BB /* Sources */ = {
			isa = PBXSourcesBuildPhase;
			buildActionMask = 2147483647;
			files = (
				1B676864274A3C43007488BB /* AbsoluteMinds.xcdatamodeld in Sources */,
				1B67685E274A3C43007488BB /* ViewController.swift in Sources */,
				1BB49AF1274D6DD900229E40 /* bookCollectionCell.swift in Sources */,
				1B67685A274A3C43007488BB /* AppDelegate.swift in Sources */,
				1B67685C274A3C43007488BB /* SceneDelegate.swift in Sources */,
				96EA059D274D06C600E42249 /* FavouriteTableVC.swift in Sources */,
				1B305CBF274D19BB00725C95 /* API.swift in Sources */,
				C5CF791C274CFB1500806AFB /* DetailsVC.swift in Sources */,
			);
			runOnlyForDeploymentPostprocessing = 0;
		};
/* End PBXSourcesBuildPhase section */

/* Begin PBXVariantGroup section */
		1B67685F274A3C43007488BB /* Main.storyboard */ = {
			isa = PBXVariantGroup;
			children = (
				1B676860274A3C43007488BB /* Base */,
			);
			name = Main.storyboard;
			sourceTree = "<group>";
		};
		1B676867274A3C47007488BB /* LaunchScreen.storyboard */ = {
			isa = PBXVariantGroup;
			children = (
				1B676868274A3C47007488BB /* Base */,
			);
			name = LaunchScreen.storyboard;
			sourceTree = "<group>";
		};
/* End PBXVariantGroup section */

/* Begin XCBuildConfiguration section */
		1B67686B274A3C47007488BB /* Debug */ = {
			isa = XCBuildConfiguration;
			buildSettings = {
				ALWAYS_SEARCH_USER_PATHS = NO;
				CLANG_ANALYZER_NONNULL = YES;
				CLANG_ANALYZER_NUMBER_OBJECT_CONVERSION = YES_AGGRESSIVE;
				CLANG_CXX_LANGUAGE_STANDARD = "gnu++17";
				CLANG_CXX_LIBRARY = "libc++";
				CLANG_ENABLE_MODULES = YES;
				CLANG_ENABLE_OBJC_ARC = YES;
				CLANG_ENABLE_OBJC_WEAK = YES;
				CLANG_WARN_BLOCK_CAPTURE_AUTORELEASING = YES;
				CLANG_WARN_BOOL_CONVERSION = YES;
				CLANG_WARN_COMMA = YES;
				CLANG_WARN_CONSTANT_CONVERSION = YES;
				CLANG_WARN_DEPRECATED_OBJC_IMPLEMENTATIONS = YES;
				CLANG_WARN_DIRECT_OBJC_ISA_USAGE = YES_ERROR;
				CLANG_WARN_DOCUMENTATION_COMMENTS = YES;
				CLANG_WARN_EMPTY_BODY = YES;
				CLANG_WARN_ENUM_CONVERSION = YES;
				CLANG_WARN_INFINITE_RECURSION = YES;
				CLANG_WARN_INT_CONVERSION = YES;
				CLANG_WARN_NON_LITERAL_NULL_CONVERSION = YES;
				CLANG_WARN_OBJC_IMPLICIT_RETAIN_SELF = YES;
				CLANG_WARN_OBJC_LITERAL_CONVERSION = YES;
				CLANG_WARN_OBJC_ROOT_CLASS = YES_ERROR;
				CLANG_WARN_QUOTED_INCLUDE_IN_FRAMEWORK_HEADER = YES;
				CLANG_WARN_RANGE_LOOP_ANALYSIS = YES;
				CLANG_WARN_STRICT_PROTOTYPES = YES;
				CLANG_WARN_SUSPICIOUS_MOVE = YES;
				CLANG_WARN_UNGUARDED_AVAILABILITY = YES_AGGRESSIVE;
				CLANG_WARN_UNREACHABLE_CODE = YES;
				CLANG_WARN__DUPLICATE_METHOD_MATCH = YES;
				COPY_PHASE_STRIP = NO;
				DEBUG_INFORMATION_FORMAT = dwarf;
				ENABLE_STRICT_OBJC_MSGSEND = YES;
				ENABLE_TESTABILITY = YES;
				GCC_C_LANGUAGE_STANDARD = gnu11;
				GCC_DYNAMIC_NO_PIC = NO;
				GCC_NO_COMMON_BLOCKS = YES;
				GCC_OPTIMIZATION_LEVEL = 0;
				GCC_PREPROCESSOR_DEFINITIONS = (
					"DEBUG=1",
					"$(inherited)",
				);
				GCC_WARN_64_TO_32_BIT_CONVERSION = YES;
				GCC_WARN_ABOUT_RETURN_TYPE = YES_ERROR;
				GCC_WARN_UNDECLARED_SELECTOR = YES;
				GCC_WARN_UNINITIALIZED_AUTOS = YES_AGGRESSIVE;
				GCC_WARN_UNUSED_FUNCTION = YES;
				GCC_WARN_UNUSED_VARIABLE = YES;
				IPHONEOS_DEPLOYMENT_TARGET = 15.0;
				MTL_ENABLE_DEBUG_INFO = INCLUDE_SOURCE;
				MTL_FAST_MATH = YES;
				ONLY_ACTIVE_ARCH = YES;
				SDKROOT = iphoneos;
				SWIFT_ACTIVE_COMPILATION_CONDITIONS = DEBUG;
				SWIFT_OPTIMIZATION_LEVEL = "-Onone";
			};
			name = Debug;
		};
		1B67686C274A3C47007488BB /* Release */ = {
			isa = XCBuildConfiguration;
			buildSettings = {
				ALWAYS_SEARCH_USER_PATHS = NO;
				CLANG_ANALYZER_NONNULL = YES;
				CLANG_ANALYZER_NUMBER_OBJECT_CONVERSION = YES_AGGRESSIVE;
				CLANG_CXX_LANGUAGE_STANDARD = "gnu++17";
				CLANG_CXX_LIBRARY = "libc++";
				CLANG_ENABLE_MODULES = YES;
				CLANG_ENABLE_OBJC_ARC = YES;
				CLANG_ENABLE_OBJC_WEAK = YES;
				CLANG_WARN_BLOCK_CAPTURE_AUTORELEASING = YES;
				CLANG_WARN_BOOL_CONVERSION = YES;
				CLANG_WARN_COMMA = YES;
				CLANG_WARN_CONSTANT_CONVERSION = YES;
				CLANG_WARN_DEPRECATED_OBJC_IMPLEMENTATIONS = YES;
				CLANG_WARN_DIRECT_OBJC_ISA_USAGE = YES_ERROR;
				CLANG_WARN_DOCUMENTATION_COMMENTS = YES;
				CLANG_WARN_EMPTY_BODY = YES;
				CLANG_WARN_ENUM_CONVERSION = YES;
				CLANG_WARN_INFINITE_RECURSION = YES;
				CLANG_WARN_INT_CONVERSION = YES;
				CLANG_WARN_NON_LITERAL_NULL_CONVERSION = YES;
				CLANG_WARN_OBJC_IMPLICIT_RETAIN_SELF = YES;
				CLANG_WARN_OBJC_LITERAL_CONVERSION = YES;
				CLANG_WARN_OBJC_ROOT_CLASS = YES_ERROR;
				CLANG_WARN_QUOTED_INCLUDE_IN_FRAMEWORK_HEADER = YES;
				CLANG_WARN_RANGE_LOOP_ANALYSIS = YES;
				CLANG_WARN_STRICT_PROTOTYPES = YES;
				CLANG_WARN_SUSPICIOUS_MOVE = YES;
				CLANG_WARN_UNGUARDED_AVAILABILITY = YES_AGGRESSIVE;
				CLANG_WARN_UNREACHABLE_CODE = YES;
				CLANG_WARN__DUPLICATE_METHOD_MATCH = YES;
				COPY_PHASE_STRIP = NO;
				DEBUG_INFORMATION_FORMAT = "dwarf-with-dsym";
				ENABLE_NS_ASSERTIONS = NO;
				ENABLE_STRICT_OBJC_MSGSEND = YES;
				GCC_C_LANGUAGE_STANDARD = gnu11;
				GCC_NO_COMMON_BLOCKS = YES;
				GCC_WARN_64_TO_32_BIT_CONVERSION = YES;
				GCC_WARN_ABOUT_RETURN_TYPE = YES_ERROR;
				GCC_WARN_UNDECLARED_SELECTOR = YES;
				GCC_WARN_UNINITIALIZED_AUTOS = YES_AGGRESSIVE;
				GCC_WARN_UNUSED_FUNCTION = YES;
				GCC_WARN_UNUSED_VARIABLE = YES;
				IPHONEOS_DEPLOYMENT_TARGET = 15.0;
				MTL_ENABLE_DEBUG_INFO = NO;
				MTL_FAST_MATH = YES;
				SDKROOT = iphoneos;
				SWIFT_COMPILATION_MODE = wholemodule;
				SWIFT_OPTIMIZATION_LEVEL = "-O";
				VALIDATE_PRODUCT = YES;
			};
			name = Release;
		};
		1B67686E274A3C47007488BB /* Debug */ = {
			isa = XCBuildConfiguration;
			buildSettings = {
				ASSETCATALOG_COMPILER_APPICON_NAME = AppIcon;
				ASSETCATALOG_COMPILER_GLOBAL_ACCENT_COLOR_NAME = AccentColor;
				CODE_SIGN_STYLE = Automatic;
				CURRENT_PROJECT_VERSION = 1;
				DEVELOPMENT_TEAM = WD8C8WX444;
				GENERATE_INFOPLIST_FILE = YES;
				INFOPLIST_FILE = AbsoluteMinds/Info.plist;
				INFOPLIST_KEY_UIApplicationSupportsIndirectInputEvents = YES;
				INFOPLIST_KEY_UILaunchStoryboardName = LaunchScreen;
				INFOPLIST_KEY_UIMainStoryboardFile = Main;
				INFOPLIST_KEY_UISupportedInterfaceOrientations_iPad = "UIInterfaceOrientationPortrait UIInterfaceOrientationPortraitUpsideDown UIInterfaceOrientationLandscapeLeft UIInterfaceOrientationLandscapeRight";
				INFOPLIST_KEY_UISupportedInterfaceOrientations_iPhone = "UIInterfaceOrientationPortrait UIInterfaceOrientationLandscapeLeft UIInterfaceOrientationLandscapeRight";
				LD_RUNPATH_SEARCH_PATHS = (
					"$(inherited)",
					"@executable_path/Frameworks",
				);
				MARKETING_VERSION = 1.0;
				PRODUCT_BUNDLE_IDENTIFIER = com.ambajaman.AbsoluteMinds;
				PRODUCT_NAME = "$(TARGET_NAME)";
				SWIFT_EMIT_LOC_STRINGS = YES;
				SWIFT_VERSION = 5.0;
				TARGETED_DEVICE_FAMILY = "1,2";
			};
			name = Debug;
		};
		1B67686F274A3C47007488BB /* Release */ = {
			isa = XCBuildConfiguration;
			buildSettings = {
				ASSETCATALOG_COMPILER_APPICON_NAME = AppIcon;
				ASSETCATALOG_COMPILER_GLOBAL_ACCENT_COLOR_NAME = AccentColor;
				CODE_SIGN_STYLE = Automatic;
				CURRENT_PROJECT_VERSION = 1;
				DEVELOPMENT_TEAM = WD8C8WX444;
				GENERATE_INFOPLIST_FILE = YES;
				INFOPLIST_FILE = AbsoluteMinds/Info.plist;
				INFOPLIST_KEY_UIApplicationSupportsIndirectInputEvents = YES;
				INFOPLIST_KEY_UILaunchStoryboardName = LaunchScreen;
				INFOPLIST_KEY_UIMainStoryboardFile = Main;
				INFOPLIST_KEY_UISupportedInterfaceOrientations_iPad = "UIInterfaceOrientationPortrait UIInterfaceOrientationPortraitUpsideDown UIInterfaceOrientationLandscapeLeft UIInterfaceOrientationLandscapeRight";
				INFOPLIST_KEY_UISupportedInterfaceOrientations_iPhone = "UIInterfaceOrientationPortrait UIInterfaceOrientationLandscapeLeft UIInterfaceOrientationLandscapeRight";
				LD_RUNPATH_SEARCH_PATHS = (
					"$(inherited)",
					"@executable_path/Frameworks",
				);
				MARKETING_VERSION = 1.0;
				PRODUCT_BUNDLE_IDENTIFIER = com.ambajaman.AbsoluteMinds;
				PRODUCT_NAME = "$(TARGET_NAME)";
				SWIFT_EMIT_LOC_STRINGS = YES;
				SWIFT_VERSION = 5.0;
				TARGETED_DEVICE_FAMILY = "1,2";
			};
			name = Release;
		};
/* End XCBuildConfiguration section */

/* Begin XCConfigurationList section */
		1B676851274A3C43007488BB /* Build configuration list for PBXProject "AbsoluteMinds" */ = {
			isa = XCConfigurationList;
			buildConfigurations = (
				1B67686B274A3C47007488BB /* Debug */,
				1B67686C274A3C47007488BB /* Release */,
			);
			defaultConfigurationIsVisible = 0;
			defaultConfigurationName = Release;
		};
		1B67686D274A3C47007488BB /* Build configuration list for PBXNativeTarget "AbsoluteMinds" */ = {
			isa = XCConfigurationList;
			buildConfigurations = (
				1B67686E274A3C47007488BB /* Debug */,
				1B67686F274A3C47007488BB /* Release */,
			);
			defaultConfigurationIsVisible = 0;
			defaultConfigurationName = Release;
		};
/* End XCConfigurationList section */

/* Begin XCVersionGroup section */
		1B676862274A3C43007488BB /* AbsoluteMinds.xcdatamodeld */ = {
			isa = XCVersionGroup;
			children = (
				1B676863274A3C43007488BB /* AbsoluteMinds.xcdatamodel */,
			);
			currentVersion = 1B676863274A3C43007488BB /* AbsoluteMinds.xcdatamodel */;
			path = AbsoluteMinds.xcdatamodeld;
			sourceTree = "<group>";
			versionGroupType = wrapper.xcdatamodel;
		};
/* End XCVersionGroup section */
	};
	rootObject = 1B67684E274A3C43007488BB /* Project object */;
}
